{
  "name": "app",
  "version": "1.0.0",
  "lockfileVersion": 1,
  "requires": true,
  "dependencies": {
    "babel-runtime": {
      "version": "6.26.0",
      "resolved": "http://registry.npm.taobao.org/babel-runtime/download/babel-runtime-6.26.0.tgz",
      "integrity": "sha1-llxwWGaOgrVde/4E/yM3vItWR/4=",
      "dev": true,
      "requires": {
        "core-js": "^2.4.0",
        "regenerator-runtime": "^0.11.0"
      }
    },
    "better-scroll": {
      "version": "1.12.6",
      "resolved": "http://registry.npm.taobao.org/better-scroll/download/better-scroll-1.12.6.tgz",
      "integrity": "sha1-dUiGD4uMCMh+WvBi4dpuLGjJgzc=",
      "dev": true,
      "requires": {
        "babel-runtime": "^6.0.0"
      }
    },
    "core-js": {
      "version": "2.6.3",
      "resolved": "http://registry.npm.taobao.org/core-js/download/core-js-2.6.3.tgz",
      "integrity": "sha1-S3CTi9/9r2STHmbi2xWPCJIonEk=",
      "dev": true
    },
    "cube-ui": {
      "version": "1.12.9",
      "resolved": "http://registry.npm.taobao.org/cube-ui/download/cube-ui-1.12.9.tgz",
      "integrity": "sha1-MGpgoPjn45yQ4PIuKNMnzNCrh4U=",
      "dev": true,
      "requires": {
        "better-scroll": "~1.12.6",
        "vue-create-api": "^0.2.0"
      }
    },
    "regenerator-runtime": {
      "version": "0.11.1",
      "resolved": "http://registry.npm.taobao.org/regenerator-runtime/download/regenerator-runtime-0.11.1.tgz",
      "integrity": "sha1-vgWtf5v30i4Fb5cmzuUBf78Z4uk=",
      "dev": true
    },
    "vue-create-api": {
      "version": "0.2.0",
      "resolved": "http://registry.npm.taobao.org/vue-create-api/download/vue-create-api-0.2.0.tgz",
      "integrity": "sha1-q+tw/xry+jiB8CR1TUkDSnlRxu8=",
      "dev": true
    }
  }
}
